// !$*UTF8*$!
{
	archiveVersion = 1;
	classes = {
	};
	objectVersion = 46;
	objects = {

/* Begin PBXBuildFile section */
		23D0357F15FEB01800322411 /* UIKit.framework in Frameworks */ = {isa = PBXBuildFile; fileRef = 23D0357E15FEB01800322411 /* UIKit.framework */; };
		23D0358115FEB01800322411 /* Foundation.framework in Frameworks */ = {isa = PBXBuildFile; fileRef = 23D0358015FEB01800322411 /* Foundation.framework */; };
		23D0358315FEB01800322411 /* CoreGraphics.framework in Frameworks */ = {isa = PBXBuildFile; fileRef = 23D0358215FEB01800322411 /* CoreGraphics.framework */; };
		23D0358915FEB01800322411 /* InfoPlist.strings in Resources */ = {isa = PBXBuildFile; fileRef = 23D0358715FEB01800322411 /* InfoPlist.strings */; };
		23D0358B15FEB01800322411 /* main.m in Sources */ = {isa = PBXBuildFile; fileRef = 23D0358A15FEB01800322411 /* main.m */; };
		23D0358F15FEB01800322411 /* SimpleTextAppDelegate.m in Sources */ = {isa = PBXBuildFile; fileRef = 23D0358E15FEB01800322411 /* SimpleTextAppDelegate.m */; };
		23D0359215FEB01800322411 /* SimpleTextViewController.m in Sources */ = {isa = PBXBuildFile; fileRef = 23D0359115FEB01800322411 /* SimpleTextViewController.m */; };
		23D0359515FEB01800322411 /* SimpleTextViewController.xib in Resources */ = {isa = PBXBuildFile; fileRef = 23D0359315FEB01800322411 /* SimpleTextViewController.xib */; };
/* End PBXBuildFile section */

/* Begin PBXFileReference section */
		23D0357A15FEB01800322411 /* SimpleText.app */ = {isa = PBXFileReference; explicitFileType = wrapper.application; includeInIndex = 0; path = SimpleText.app; sourceTree = BUILT_PRODUCTS_DIR; };
		23D0357E15FEB01800322411 /* UIKit.framework */ = {isa = PBXFileReference; lastKnownFileType = wrapper.framework; name = UIKit.framework; path = System/Library/Frameworks/UIKit.framework; sourceTree = SDKROOT; };
		23D0358015FEB01800322411 /* Foundation.framework */ = {isa = PBXFileReference; lastKnownFileType = wrapper.framework; name = Foundation.framework; path = System/Library/Frameworks/Foundation.framework; sourceTree = SDKROOT; };
		23D0358215FEB01800322411 /* CoreGraphics.framework */ = {isa = PBXFileReference; lastKnownFileType = wrapper.framework; name = CoreGraphics.framework; path = System/Library/Frameworks/CoreGraphics.framework; sourceTree = SDKROOT; };
		23D0358615FEB01800322411 /* SimpleText-Info.plist */ = {isa = PBXFileReference; lastKnownFileType = text.plist.xml; path = "SimpleText-Info.plist"; sourceTree = "<group>"; };
		23D0358815FEB01800322411 /* en */ = {isa = PBXFileReference; lastKnownFileType = text.plist.strings; name = en; path = en.lproj/InfoPlist.strings; sourceTree = "<group>"; };
		23D0358A15FEB01800322411 /* main.m */ = {isa = PBXFileReference; lastKnownFileType = sourcecode.c.objc; path = main.m; sourceTree = "<group>"; };
		23D0358C15FEB01800322411 /* SimpleText-Prefix.pch */ = {isa = PBXFileReference; lastKnownFileType = sourcecode.c.h; path = "SimpleText-Prefix.pch"; sourceTree = "<group>"; };
		23D0358D15FEB01800322411 /* SimpleTextAppDelegate.h */ = {isa = PBXFileReference; lastKnownFileType = sourcecode.c.h; path = SimpleTextAppDelegate.h; sourceTree = "<group>"; };
		23D0358E15FEB01800322411 /* SimpleTextAppDelegate.m */ = {isa = PBXFileReference; lastKnownFileType = sourcecode.c.objc; path = SimpleTextAppDelegate.m; sourceTree = "<group>"; };
		23D0359015FEB01800322411 /* SimpleTextViewController.h */ = {isa = PBXFileReference; lastKnownFileType = sourcecode.c.h; path = SimpleTextViewController.h; sourceTree = "<group>"; };
		23D0359115FEB01800322411 /* SimpleTextViewController.m */ = {isa = PBXFileReference; lastKnownFileType = sourcecode.c.objc; path = SimpleTextViewController.m; sourceTree = "<group>"; };
		23D0359415FEB01800322411 /* en */ = {isa = PBXFileReference; lastKnownFileType = file.xib; name = en; path = en.lproj/SimpleTextViewController.xib; sourceTree = "<group>"; };
/* End PBXFileReference section */

/* Begin PBXFrameworksBuildPhase section */
		23D0357715FEB01800322411 /* Frameworks */ = {
			isa = PBXFrameworksBuildPhase;
			buildActionMask = 2147483647;
			files = (
				23D0357F15FEB01800322411 /* UIKit.framework in Frameworks */,
				23D0358115FEB01800322411 /* Foundation.framework in Frameworks */,
				23D0358315FEB01800322411 /* CoreGraphics.framework in Frameworks */,
			);
			runOnlyForDeploymentPostprocessing = 0;
		};
/* End PBXFrameworksBuildPhase section */

/* Begin PBXGroup section */
		23D0356F15FEB01800322411 = {
			isa = PBXGroup;
			children = (
				23D0358415FEB01800322411 /* SimpleText */,
				23D0357D15FEB01800322411 /* Frameworks */,
				23D0357B15FEB01800322411 /* Products */,
			);
			sourceTree = "<group>";
		};
		23D0357B15FEB01800322411 /* Products */ = {
			isa = PBXGroup;
			children = (
				23D0357A15FEB01800322411 /* SimpleText.app */,
			);
			name = Products;
			sourceTree = "<group>";
		};
		23D0357D15FEB01800322411 /* Frameworks */ = {
			isa = PBXGroup;
			children = (
				23D0357E15FEB01800322411 /* UIKit.framework */,
				23D0358015FEB01800322411 /* Foundation.framework */,
				23D0358215FEB01800322411 /* CoreGraphics.framework */,
			);
			name = Frameworks;
			sourceTree = "<group>";
		};
		23D0358415FEB01800322411 /* SimpleText */ = {
			isa = PBXGroup;
			children = (
				23D0358D15FEB01800322411 /* SimpleTextAppDelegate.h */,
				23D0358E15FEB01800322411 /* SimpleTextAppDelegate.m */,
				23D0359015FEB01800322411 /* SimpleTextViewController.h */,
				23D0359115FEB01800322411 /* SimpleTextViewController.m */,
				23D0359315FEB01800322411 /* SimpleTextViewController.xib */,
				23D0358515FEB01800322411 /* Supporting Files */,
			);
			path = SimpleText;
			sourceTree = "<group>";
		};
		23D0358515FEB01800322411 /* Supporting Files */ = {
			isa = PBXGroup;
			children = (
				23D0358615FEB01800322411 /* SimpleText-Info.plist */,
				23D0358715FEB01800322411 /* InfoPlist.strings */,
				23D0358A15FEB01800322411 /* main.m */,
				23D0358C15FEB01800322411 /* SimpleText-Prefix.pch */,
			);
			name = "Supporting Files";
			sourceTree = "<group>";
		};
/* End PBXGroup section */

/* Begin PBXNativeTarget section */
		23D0357915FEB01800322411 /* SimpleText */ = {
			isa = PBXNativeTarget;
			buildConfigurationList = 23D0359815FEB01800322411 /* Build configuration list for PBXNativeTarget "SimpleText" */;
			buildPhases = (
				23D0357615FEB01800322411 /* Sources */,
				23D0357715FEB01800322411 /* Frameworks */,
				23D0357815FEB01800322411 /* Resources */,
			);
			buildRules = (
			);
			dependencies = (
			);
			name = SimpleText;
			productName = SimpleText;
			productReference = 23D0357A15FEB01800322411 /* SimpleText.app */;
			productType = "com.apple.product-type.application";
		};
/* End PBXNativeTarget section */

/* Begin PBXProject section */
		23D0357115FEB01800322411 /* Project object */ = {
			isa = PBXProject;
			attributes = {
				CLASSPREFIX = SimpleText;
				LastUpgradeCheck = 0440;
				ORGANIZATIONNAME = SE420701;
			};
			buildConfigurationList = 23D0357415FEB01800322411 /* Build configuration list for PBXProject "SimpleText" */;
			compatibilityVersion = "Xcode 3.2";
			developmentRegion = English;
			hasScannedForEncodings = 0;
			knownRegions = (
				en,
			);
			mainGroup = 23D0356F15FEB01800322411;
			productRefGroup = 23D0357B15FEB01800322411 /* Products */;
			projectDirPath = "";
			projectRoot = "";
			targets = (
				23D0357915FEB01800322411 /* SimpleText */,
			);
		};
/* End PBXProject section */

/* Begin PBXResourcesBuildPhase section */
		23D0357815FEB01800322411 /* Resources */ = {
			isa = PBXResourcesBuildPhase;
			buildActionMask = 2147483647;
			files = (
				23D0358915FEB01800322411 /* InfoPlist.strings in Resources */,
				23D0359515FEB01800322411 /* SimpleTextViewController.xib in Resources */,
			);
			runOnlyForDeploymentPostprocessing = 0;
		};
/* End PBXResourcesBuildPhase section */

/* Begin PBXSourcesBuildPhase section */
		23D0357615FEB01800322411 /* Sources */ = {
			isa = PBXSourcesBuildPhase;
			buildActionMask = 2147483647;
			files = (
				23D0358B15FEB01800322411 /* main.m in Sources */,
				23D0358F15FEB01800322411 /* SimpleTextAppDelegate.m in Sources */,
				23D0359215FEB01800322411 /* SimpleTextViewController.m in Sources */,
			);
			runOnlyForDeploymentPostprocessing = 0;
		};
/* End PBXSourcesBuildPhase section */

/* Begin PBXVariantGroup section */
		23D0358715FEB01800322411 /* InfoPlist.strings */ = {
			isa = PBXVariantGroup;
			children = (
				23D0358815FEB01800322411 /* en */,
			);
			name = InfoPlist.strings;
			sourceTree = "<group>";
		};
		23D0359315FEB01800322411 /* SimpleTextViewController.xib */ = {
			isa = PBXVariantGroup;
			children = (
				23D0359415FEB01800322411 /* en */,
			);
			name = SimpleTextViewController.xib;
			sourceTree = "<group>";
		};
/* End PBXVariantGroup section */

/* Begin XCBuildConfiguration section */
		23D0359615FEB01800322411 /* Debug */ = {
			isa = XCBuildConfiguration;
			buildSettings = {
				ALWAYS_SEARCH_USER_PATHS = NO;
				ARCHS = "$(ARCHS_STANDARD_32_BIT)";
				CLANG_CXX_LANGUAGE_STANDARD = "gnu++0x";
				CLANG_ENABLE_OBJC_ARC = YES;
				CLANG_WARN__DUPLICATE_METHOD_MATCH = YES;
				"CODE_SIGN_IDENTITY[sdk=iphoneos*]" = "iPhone Developer";
				COPY_PHASE_STRIP = NO;
				GCC_C_LANGUAGE_STANDARD = gnu99;
				GCC_DYNAMIC_NO_PIC = NO;
				GCC_OPTIMIZATION_LEVEL = 0;
				GCC_PREPROCESSOR_DEFINITIONS = (
					"DEBUG=1",
					"$(inherited)",
				);
				GCC_SYMBOLS_PRIVATE_EXTERN = NO;
				GCC_VERSION = com.apple.compilers.llvm.clang.1_0;
				GCC_WARN_ABOUT_RETURN_TYPE = YES;
				GCC_WARN_UNINITIALIZED_AUTOS = YES;
				GCC_WARN_UNUSED_VARIABLE = YES;
				IPHONEOS_DEPLOYMENT_TARGET = 5.1;
				SDKROOT = iphoneos;
			};
			name = Debug;
		};
		23D0359715FEB01800322411 /* Release */ = {
			isa = XCBuildConfiguration;
			buildSettings = {
				ALWAYS_SEARCH_USER_PATHS = NO;
				ARCHS = "$(ARCHS_STANDARD_32_BIT)";
				CLANG_CXX_LANGUAGE_STANDARD = "gnu++0x";
				CLANG_ENABLE_OBJC_ARC = YES;
				CLANG_WARN__DUPLICATE_METHOD_MATCH = YES;
				"CODE_SIGN_IDENTITY[sdk=iphoneos*]" = "iPhone Developer";
				COPY_PHASE_STRIP = YES;
				GCC_C_LANGUAGE_STANDARD = gnu99;
				GCC_VERSION = com.apple.compilers.llvm.clang.1_0;
				GCC_WARN_ABOUT_RETURN_TYPE = YES;
				GCC_WARN_UNINITIALIZED_AUTOS = YES;
				GCC_WARN_UNUSED_VARIABLE = YES;
				IPHONEOS_DEPLOYMENT_TARGET = 5.1;
				OTHER_CFLAGS = "-DNS_BLOCK_ASSERTIONS=1";
				SDKROOT = iphoneos;
				VALIDATE_PRODUCT = YES;
			};
			name = Release;
		};
		23D0359915FEB01800322411 /* Debug */ = {
			isa = XCBuildConfiguration;
			buildSettings = {
				GCC_PRECOMPILE_PREFIX_HEADER = YES;
				GCC_PREFIX_HEADER = "SimpleText/SimpleText-Prefix.pch";
				INFOPLIST_FILE = "SimpleText/SimpleText-Info.plist";
				PRODUCT_NAME = "$(TARGET_NAME)";
				WRAPPER_EXTENSION = app;
			};
			name = Debug;
		};
		23D0359A15FEB01800322411 /* Release */ = {
			isa = XCBuildConfiguration;
			buildSettings = {
				GCC_PRECOMPILE_PREFIX_HEADER = YES;
				GCC_PREFIX_HEADER = "SimpleText/SimpleText-Prefix.pch";
				INFOPLIST_FILE = "SimpleText/SimpleText-Info.plist";
				PRODUCT_NAME = "$(TARGET_NAME)";
				WRAPPER_EXTENSION = app;
			};
			name = Release;
		};
/* End XCBuildConfiguration section */

/* Begin XCConfigurationList section */
		23D0357415FEB01800322411 /* Build configuration list for PBXProject "SimpleText" */ = {
			isa = XCConfigurationList;
			buildConfigurations = (
				23D0359615FEB01800322411 /* Debug */,
				23D0359715FEB01800322411 /* Release */,
			);
			defaultConfigurationIsVisible = 0;
			defaultConfigurationName = Release;
		};
		23D0359815FEB01800322411 /* Build configuration list for PBXNativeTarget "SimpleText" */ = {
			isa = XCConfigurationList;
			buildConfigurations = (
				23D0359915FEB01800322411 /* Debug */,
				23D0359A15FEB01800322411 /* Release */,
			);
			defaultConfigurationIsVisible = 0;
		};
/* End XCConfigurationList section */
	};
	rootObject = 23D0357115FEB01800322411 /* Project object */;
}
